// !$*UTF8*$!
{
	archiveVersion = 1;
	classes = {
	};
	objectVersion = 46;
	objects = {

/* Begin PBXBuildFile section */
		2C7B98EF14BA9CDC009789DA /* UIKit.framework in Frameworks */ = {isa = PBXBuildFile; fileRef = 2C7B98EE14BA9CDC009789DA /* UIKit.framework */; };
		2C7B98F114BA9CDC009789DA /* Foundation.framework in Frameworks */ = {isa = PBXBuildFile; fileRef = 2C7B98F014BA9CDC009789DA /* Foundation.framework */; };
		2C7B98F314BA9CDC009789DA /* CoreGraphics.framework in Frameworks */ = {isa = PBXBuildFile; fileRef = 2C7B98F214BA9CDC009789DA /* CoreGraphics.framework */; };
		2C7B98F914BA9CDC009789DA /* InfoPlist.strings in Resources */ = {isa = PBXBuildFile; fileRef = 2C7B98F714BA9CDC009789DA /* InfoPlist.strings */; };
		2C7B98FB14BA9CDC009789DA /* main.m in Sources */ = {isa = PBXBuildFile; fileRef = 2C7B98FA14BA9CDC009789DA /* main.m */; };
		2C7B98FF14BA9CDC009789DA /* AppDelegate.m in Sources */ = {isa = PBXBuildFile; fileRef = 2C7B98FE14BA9CDC009789DA /* AppDelegate.m */; };
		2C7B990214BA9CDC009789DA /* ViewController.m in Sources */ = {isa = PBXBuildFile; fileRef = 2C7B990114BA9CDC009789DA /* ViewController.m */; };
		2C7B990514BA9CDD009789DA /* ViewController.xib in Resources */ = {isa = PBXBuildFile; fileRef = 2C7B990314BA9CDD009789DA /* ViewController.xib */; };
/* End PBXBuildFile section */

/* Begin PBXFileReference section */
		2C7B98EA14BA9CDC009789DA /* LastLoginDate.app */ = {isa = PBXFileReference; explicitFileType = wrapper.application; includeInIndex = 0; path = LastLoginDate.app; sourceTree = BUILT_PRODUCTS_DIR; };
		2C7B98EE14BA9CDC009789DA /* UIKit.framework */ = {isa = PBXFileReference; lastKnownFileType = wrapper.framework; name = UIKit.framework; path = System/Library/Frameworks/UIKit.framework; sourceTree = SDKROOT; };
		2C7B98F014BA9CDC009789DA /* Foundation.framework */ = {isa = PBXFileReference; lastKnownFileType = wrapper.framework; name = Foundation.framework; path = System/Library/Frameworks/Foundation.framework; sourceTree = SDKROOT; };
		2C7B98F214BA9CDC009789DA /* CoreGraphics.framework */ = {isa = PBXFileReference; lastKnownFileType = wrapper.framework; name = CoreGraphics.framework; path = System/Library/Frameworks/CoreGraphics.framework; sourceTree = SDKROOT; };
		2C7B98F614BA9CDC009789DA /* LastLoginDate-Info.plist */ = {isa = PBXFileReference; lastKnownFileType = text.plist.xml; path = "LastLoginDate-Info.plist"; sourceTree = "<group>"; };
		2C7B98F814BA9CDC009789DA /* en */ = {isa = PBXFileReference; lastKnownFileType = text.plist.strings; name = en; path = en.lproj/InfoPlist.strings; sourceTree = "<group>"; };
		2C7B98FA14BA9CDC009789DA /* main.m */ = {isa = PBXFileReference; lastKnownFileType = sourcecode.c.objc; path = main.m; sourceTree = "<group>"; };
		2C7B98FC14BA9CDC009789DA /* LastLoginDate-Prefix.pch */ = {isa = PBXFileReference; lastKnownFileType = sourcecode.c.h; path = "LastLoginDate-Prefix.pch"; sourceTree = "<group>"; };
		2C7B98FD14BA9CDC009789DA /* AppDelegate.h */ = {isa = PBXFileReference; lastKnownFileType = sourcecode.c.h; path = AppDelegate.h; sourceTree = "<group>"; };
		2C7B98FE14BA9CDC009789DA /* AppDelegate.m */ = {isa = PBXFileReference; lastKnownFileType = sourcecode.c.objc; path = AppDelegate.m; sourceTree = "<group>"; };
		2C7B990014BA9CDC009789DA /* ViewController.h */ = {isa = PBXFileReference; lastKnownFileType = sourcecode.c.h; path = ViewController.h; sourceTree = "<group>"; };
		2C7B990114BA9CDC009789DA /* ViewController.m */ = {isa = PBXFileReference; lastKnownFileType = sourcecode.c.objc; path = ViewController.m; sourceTree = "<group>"; };
		2C7B990414BA9CDD009789DA /* en */ = {isa = PBXFileReference; lastKnownFileType = file.xib; name = en; path = en.lproj/ViewController.xib; sourceTree = "<group>"; };
/* End PBXFileReference section */

/* Begin PBXFrameworksBuildPhase section */
		2C7B98E714BA9CDC009789DA /* Frameworks */ = {
			isa = PBXFrameworksBuildPhase;
			buildActionMask = 2147483647;
			files = (
				2C7B98EF14BA9CDC009789DA /* UIKit.framework in Frameworks */,
				2C7B98F114BA9CDC009789DA /* Foundation.framework in Frameworks */,
				2C7B98F314BA9CDC009789DA /* CoreGraphics.framework in Frameworks */,
			);
			runOnlyForDeploymentPostprocessing = 0;
		};
/* End PBXFrameworksBuildPhase section */

/* Begin PBXGroup section */
		2C7B98DF14BA9CDC009789DA = {
			isa = PBXGroup;
			children = (
				2C7B98F414BA9CDC009789DA /* LastLoginDate */,
				2C7B98ED14BA9CDC009789DA /* Frameworks */,
				2C7B98EB14BA9CDC009789DA /* Products */,
			);
			sourceTree = "<group>";
		};
		2C7B98EB14BA9CDC009789DA /* Products */ = {
			isa = PBXGroup;
			children = (
				2C7B98EA14BA9CDC009789DA /* LastLoginDate.app */,
			);
			name = Products;
			sourceTree = "<group>";
		};
		2C7B98ED14BA9CDC009789DA /* Frameworks */ = {
			isa = PBXGroup;
			children = (
				2C7B98EE14BA9CDC009789DA /* UIKit.framework */,
				2C7B98F014BA9CDC009789DA /* Foundation.framework */,
				2C7B98F214BA9CDC009789DA /* CoreGraphics.framework */,
			);
			name = Frameworks;
			sourceTree = "<group>";
		};
		2C7B98F414BA9CDC009789DA /* LastLoginDate */ = {
			isa = PBXGroup;
			children = (
				2C7B98FD14BA9CDC009789DA /* AppDelegate.h */,
				2C7B98FE14BA9CDC009789DA /* AppDelegate.m */,
				2C7B990014BA9CDC009789DA /* ViewController.h */,
				2C7B990114BA9CDC009789DA /* ViewController.m */,
				2C7B990314BA9CDD009789DA /* ViewController.xib */,
				2C7B98F514BA9CDC009789DA /* Supporting Files */,
			);
			path = LastLoginDate;
			sourceTree = "<group>";
		};
		2C7B98F514BA9CDC009789DA /* Supporting Files */ = {
			isa = PBXGroup;
			children = (
				2C7B98F614BA9CDC009789DA /* LastLoginDate-Info.plist */,
				2C7B98F714BA9CDC009789DA /* InfoPlist.strings */,
				2C7B98FA14BA9CDC009789DA /* main.m */,
				2C7B98FC14BA9CDC009789DA /* LastLoginDate-Prefix.pch */,
			);
			name = "Supporting Files";
			sourceTree = "<group>";
		};
/* End PBXGroup section */

/* Begin PBXNativeTarget section */
		2C7B98E914BA9CDC009789DA /* LastLoginDate */ = {
			isa = PBXNativeTarget;
			buildConfigurationList = 2C7B990814BA9CDD009789DA /* Build configuration list for PBXNativeTarget "LastLoginDate" */;
			buildPhases = (
				2C7B98E614BA9CDC009789DA /* Sources */,
				2C7B98E714BA9CDC009789DA /* Frameworks */,
				2C7B98E814BA9CDC009789DA /* Resources */,
			);
			buildRules = (
			);
			dependencies = (
			);
			name = LastLoginDate;
			productName = LastLoginDate;
			productReference = 2C7B98EA14BA9CDC009789DA /* LastLoginDate.app */;
			productType = "com.apple.product-type.application";
		};
/* End PBXNativeTarget section */

/* Begin PBXProject section */
		2C7B98E114BA9CDC009789DA /* Project object */ = {
			isa = PBXProject;
			attributes = {
				LastUpgradeCheck = 0420;
			};
			buildConfigurationList = 2C7B98E414BA9CDC009789DA /* Build configuration list for PBXProject "LastLoginDate" */;
			compatibilityVersion = "Xcode 3.2";
			developmentRegion = English;
			hasScannedForEncodings = 0;
			knownRegions = (
				en,
			);
			mainGroup = 2C7B98DF14BA9CDC009789DA;
			productRefGroup = 2C7B98EB14BA9CDC009789DA /* Products */;
			projectDirPath = "";
			projectRoot = "";
			targets = (
				2C7B98E914BA9CDC009789DA /* LastLoginDate */,
			);
		};
/* End PBXProject section */

/* Begin PBXResourcesBuildPhase section */
		2C7B98E814BA9CDC009789DA /* Resources */ = {
			isa = PBXResourcesBuildPhase;
			buildActionMask = 2147483647;
			files = (
				2C7B98F914BA9CDC009789DA /* InfoPlist.strings in Resources */,
				2C7B990514BA9CDD009789DA /* ViewController.xib in Resources */,
			);
			runOnlyForDeploymentPostprocessing = 0;
		};
/* End PBXResourcesBuildPhase section */

/* Begin PBXSourcesBuildPhase section */
		2C7B98E614BA9CDC009789DA /* Sources */ = {
			isa = PBXSourcesBuildPhase;
			buildActionMask = 2147483647;
			files = (
				2C7B98FB14BA9CDC009789DA /* main.m in Sources */,
				2C7B98FF14BA9CDC009789DA /* AppDelegate.m in Sources */,
				2C7B990214BA9CDC009789DA /* ViewController.m in Sources */,
			);
			runOnlyForDeploymentPostprocessing = 0;
		};
/* End PBXSourcesBuildPhase section */

/* Begin PBXVariantGroup section */
		2C7B98F714BA9CDC009789DA /* InfoPlist.strings */ = {
			isa = PBXVariantGroup;
			children = (
				2C7B98F814BA9CDC009789DA /* en */,
			);
			name = InfoPlist.strings;
			sourceTree = "<group>";
		};
		2C7B990314BA9CDD009789DA /* ViewController.xib */ = {
			isa = PBXVariantGroup;
			children = (
				2C7B990414BA9CDD009789DA /* en */,
			);
			name = ViewController.xib;
			sourceTree = "<group>";
		};
/* End PBXVariantGroup section */

/* Begin XCBuildConfiguration section */
		2C7B990614BA9CDD009789DA /* Debug */ = {
			isa = XCBuildConfiguration;
			buildSettings = {
				ALWAYS_SEARCH_USER_PATHS = NO;
				ARCHS = "$(ARCHS_STANDARD_32_BIT)";
				"CODE_SIGN_IDENTITY[sdk=iphoneos*]" = "iPhone Developer";
				COPY_PHASE_STRIP = NO;
				GCC_C_LANGUAGE_STANDARD = gnu99;
				GCC_DYNAMIC_NO_PIC = NO;
				GCC_OPTIMIZATION_LEVEL = 0;
				GCC_PREPROCESSOR_DEFINITIONS = (
					"DEBUG=1",
					"$(inherited)",
				);
				GCC_SYMBOLS_PRIVATE_EXTERN = NO;
				GCC_VERSION = com.apple.compilers.llvm.clang.1_0;
				GCC_WARN_ABOUT_MISSING_PROTOTYPES = YES;
				GCC_WARN_ABOUT_RETURN_TYPE = YES;
				GCC_WARN_UNUSED_VARIABLE = YES;
				IPHONEOS_DEPLOYMENT_TARGET = 5.0;
				SDKROOT = iphoneos;
			};
			name = Debug;
		};
		2C7B990714BA9CDD009789DA /* Release */ = {
			isa = XCBuildConfiguration;
			buildSettings = {
				ALWAYS_SEARCH_USER_PATHS = NO;
				ARCHS = "$(ARCHS_STANDARD_32_BIT)";
				"CODE_SIGN_IDENTITY[sdk=iphoneos*]" = "iPhone Developer";
				COPY_PHASE_STRIP = YES;
				GCC_C_LANGUAGE_STANDARD = gnu99;
				GCC_VERSION = com.apple.compilers.llvm.clang.1_0;
				GCC_WARN_ABOUT_MISSING_PROTOTYPES = YES;
				GCC_WARN_ABOUT_RETURN_TYPE = YES;
				GCC_WARN_UNUSED_VARIABLE = YES;
				IPHONEOS_DEPLOYMENT_TARGET = 5.0;
				OTHER_CFLAGS = "-DNS_BLOCK_ASSERTIONS=1";
				SDKROOT = iphoneos;
				VALIDATE_PRODUCT = YES;
			};
			name = Release;
		};
		2C7B990914BA9CDD009789DA /* Debug */ = {
			isa = XCBuildConfiguration;
			buildSettings = {
				GCC_PRECOMPILE_PREFIX_HEADER = YES;
				GCC_PREFIX_HEADER = "LastLoginDate/LastLoginDate-Prefix.pch";
				INFOPLIST_FILE = "LastLoginDate/LastLoginDate-Info.plist";
				PRODUCT_NAME = "$(TARGET_NAME)";
				WRAPPER_EXTENSION = app;
			};
			name = Debug;
		};
		2C7B990A14BA9CDD009789DA /* Release */ = {
			isa = XCBuildConfiguration;
			buildSettings = {
				GCC_PRECOMPILE_PREFIX_HEADER = YES;
				GCC_PREFIX_HEADER = "LastLoginDate/LastLoginDate-Prefix.pch";
				INFOPLIST_FILE = "LastLoginDate/LastLoginDate-Info.plist";
				PRODUCT_NAME = "$(TARGET_NAME)";
				WRAPPER_EXTENSION = app;
			};
			name = Release;
		};
/* End XCBuildConfiguration section */

/* Begin XCConfigurationList section */
		2C7B98E414BA9CDC009789DA /* Build configuration list for PBXProject "LastLoginDate" */ = {
			isa = XCConfigurationList;
			buildConfigurations = (
				2C7B990614BA9CDD009789DA /* Debug */,
				2C7B990714BA9CDD009789DA /* Release */,
			);
			defaultConfigurationIsVisible = 0;
			defaultConfigurationName = Release;
		};
		2C7B990814BA9CDD009789DA /* Build configuration list for PBXNativeTarget "LastLoginDate" */ = {
			isa = XCConfigurationList;
			buildConfigurations = (
				2C7B990914BA9CDD009789DA /* Debug */,
				2C7B990A14BA9CDD009789DA /* Release */,
			);
			defaultConfigurationIsVisible = 0;
		};
/* End XCConfigurationList section */
	};
	rootObject = 2C7B98E114BA9CDC009789DA /* Project object */;
}
